github.com/aziemp66/Go-Say-Hello v1.0.0 h1:IsNYfUoS0KYjPREJT8R00nH7BQC1XMYvaabwOU4v74Y=
github.com/aziemp66/Go-Say-Hello v1.0.0/go.mod h1:fJpw75jN0Eb6kGGsE0vOFEbtRZY3W+t0Al4vzbyUX+s=
github.com/aziemp66/Go-Say-Hello v1.5.0 h1:SNi6rVztIx5mNW1L+0DzAOcoGoXkMmDL5n3xD03alMg=
github.com/aziemp66/Go-Say-Hello v1.5.0/go.mod h1:fJpw75jN0Eb6kGGsE0vOFEbtRZY3W+t0Al4vzbyUX+s=
